
Microsoft Visual Studio Solution File, Format Version 12.00
# Visual Studio 15
Project("{FAE04EC0-301F-11D3-BF4B-00C04F79EFBC}") = "ThePetStore", "ThePetStore.csproj", "{390CB0D6-9E6B-44BD-922F-C6D2F8732B78}"
EndProject
Global
	GlobalSection(SolutionConfigurationPlatforms) = preSolution
		Debug|anycpu = Debug|anycpu
		Release|anycpu = Release|anycpu
	EndGlobalSection
	GlobalSection(ProjectConfigurationPlatforms) = postSolution
		{390CB0D6-9E6B-44BD-922F-C6D2F8732B78}.Debug|anycpu.ActiveCfg = Debug|anycpu
		{390CB0D6-9E6B-44BD-922F-C6D2F8732B78}.Debug|anycpu.Build.0 = Debug|anycpu
		{390CB0D6-9E6B-44BD-922F-C6D2F8732B78}.Release|anycpu.ActiveCfg = Release|anycpu
		{390CB0D6-9E6B-44BD-922F-C6D2F8732B78}.Release|anycpu.Build.0 = Release|anycpu
	EndGlobalSection
EndGlobal
